
Microsoft Visual Studio Solution File, Format Version 12.00
# Visual Studio Version 16
VisualStudioVersion = 16.0.29503.13
MinimumVisualStudioVersion = 10.0.40219.1
Project("{FAE04EC0-301F-11D3-BF4B-00C04F79EFBC}") = "Reel_A_StateData", "Reel_A_State\Reel_A_StateData.csproj", "{95EFB447-7116-4258-B841-DF25F6622183}"
EndProject
Project("{FAE04EC0-301F-11D3-BF4B-00C04F79EFBC}") = "Reel_A_StateWpfPresentation", "Reel_A_StateWpfPresentation\Reel_A_StateWpfPresentation.csproj", "{05BB6FFF-DE62-4D74-B92D-F471A32FBD4D}"
EndProject
Global
	GlobalSection(SolutionConfigurationPlatforms) = preSolution
		Debug|Any CPU = Debug|Any CPU
		Release|Any CPU = Release|Any CPU
	EndGlobalSection
	GlobalSection(ProjectConfigurationPlatforms) = postSolution
		{95EFB447-7116-4258-B841-DF25F6622183}.Debug|Any CPU.ActiveCfg = Debug|Any CPU
		{95EFB447-7116-4258-B841-DF25F6622183}.Debug|Any CPU.Build.0 = Debug|Any CPU
		{95EFB447-7116-4258-B841-DF25F6622183}.Release|Any CPU.ActiveCfg = Release|Any CPU
		{95EFB447-7116-4258-B841-DF25F6622183}.Release|Any CPU.Build.0 = Release|Any CPU
		{05BB6FFF-DE62-4D74-B92D-F471A32FBD4D}.Debug|Any CPU.ActiveCfg = Debug|Any CPU
		{05BB6FFF-DE62-4D74-B92D-F471A32FBD4D}.Debug|Any CPU.Build.0 = Debug|Any CPU
		{05BB6FFF-DE62-4D74-B92D-F471A32FBD4D}.Release|Any CPU.ActiveCfg = Release|Any CPU
		{05BB6FFF-DE62-4D74-B92D-F471A32FBD4D}.Release|Any CPU.Build.0 = Release|Any CPU
	EndGlobalSection
	GlobalSection(SolutionProperties) = preSolution
		HideSolutionNode = FALSE
	EndGlobalSection
	GlobalSection(ExtensibilityGlobals) = postSolution
		SolutionGuid = {092FBF92-6118-405C-B42F-22ADD7AB0D05}
	EndGlobalSection
EndGlobal
